
Microsoft Visual Studio Solution File, Format Version 12.00
# Visual Studio Version 16
VisualStudioVersion = 16.0.30523.141
MinimumVisualStudioVersion = 10.0.40219.1
Project("{8BC9CEB8-8B4A-11D0-8D11-00A0C91BC942}") = "dclient", "Ch02\DataGram\dclient\dclient.vcxproj", "{EF1DCE16-7EF8-4B2C-A724-FB2B1C4F404D}"
EndProject
Project("{2150E333-8FDC-42A3-9474-1A3956D46DE8}") = "Chap02", "Chap02", "{07AE651E-9AB7-4118-BB46-AE1D255D2995}"
EndProject
Project("{2150E333-8FDC-42A3-9474-1A3956D46DE8}") = "Datagram", "Datagram", "{E21C324D-3399-4434-AD91-8EF5C8311BE9}"
	ProjectSection(SolutionItems) = preProject
		Ch02\DataGram\readme.txt = Ch02\DataGram\readme.txt
	EndProjectSection
EndProject
Project("{8BC9CEB8-8B4A-11D0-8D11-00A0C91BC942}") = "dserver", "Ch02\DataGram\dserver\dserver.vcxproj", "{2C2B785D-8ED0-4C18-81FB-D159722ED5FB}"
EndProject
Project("{2150E333-8FDC-42A3-9474-1A3956D46DE8}") = "GetHTTP", "GetHTTP", "{2F10B6CC-2B3E-4394-9A7B-7779118395F4}"
EndProject
Project("{8BC9CEB8-8B4A-11D0-8D11-00A0C91BC942}") = "gethttp", "Ch02\GetHTTP\gethttp.vcxproj", "{C8589661-E807-4D07-902D-A8F34B38DE48}"
EndProject
Project("{8BC9CEB8-8B4A-11D0-8D11-00A0C91BC942}") = "Chekmail", "Ch04\Chekmail.vcxproj", "{D675D30F-F3F7-4402-9305-9A3F6D14712F}"
EndProject
Project("{2150E333-8FDC-42A3-9474-1A3956D46DE8}") = "Chap04", "Chap04", "{84D1C9BC-3917-454F-9AB8-0220032E11F8}"
EndProject
Project("{2150E333-8FDC-42A3-9474-1A3956D46DE8}") = "HostInfo", "HostInfo", "{B221579D-4412-43CF-95CD-FC4FEE4C58F5}"
EndProject
Project("{8BC9CEB8-8B4A-11D0-8D11-00A0C91BC942}") = "hostinfo", "Ch02\HostInfo\hostinfo.vcxproj", "{A0915DA8-F679-4AA9-98A3-00D8BC36365E}"
EndProject
Project("{2150E333-8FDC-42A3-9474-1A3956D46DE8}") = "WsVer", "WsVer", "{03E1CDE0-40C8-4C59-9B4A-FDE7ED09A81B}"
EndProject
Project("{8BC9CEB8-8B4A-11D0-8D11-00A0C91BC942}") = "wsver", "Ch02\wsver\wsver.vcxproj", "{2E2A8B30-FA0B-4DF5-B5B8-DDED9841DD47}"
EndProject
Project("{2150E333-8FDC-42A3-9474-1A3956D46DE8}") = "Stream", "Stream", "{BAC8DA84-5055-4EF6-ABBF-1F957A3A8BD8}"
	ProjectSection(SolutionItems) = preProject
		Ch02\Stream\readme.txt = Ch02\Stream\readme.txt
	EndProjectSection
EndProject
Project("{2150E333-8FDC-42A3-9474-1A3956D46DE8}") = "client", "client", "{A6389FAF-7115-489F-B0EE-444093DBC286}"
EndProject
Project("{2150E333-8FDC-42A3-9474-1A3956D46DE8}") = "server", "server", "{8DF9928E-B1FC-4A41-9243-BF65B8350F27}"
EndProject
Project("{8BC9CEB8-8B4A-11D0-8D11-00A0C91BC942}") = "client", "Ch02\Stream\client\client.vcxproj", "{D88EC05F-EC71-40ED-9CE2-EC668E17101D}"
EndProject
Project("{8BC9CEB8-8B4A-11D0-8D11-00A0C91BC942}") = "server", "Ch02\Stream\server\server.vcxproj", "{567B1926-4AA7-4DAB-92A3-010976E408BE}"
EndProject
Project("{2150E333-8FDC-42A3-9474-1A3956D46DE8}") = "Chap05", "Chap05", "{3CA18AAD-CC9C-4865-B8D7-68925ADE9E14}"
	ProjectSection(SolutionItems) = preProject
		Ch05\readme.txt = Ch05\readme.txt
	EndProjectSection
EndProject
Project("{2150E333-8FDC-42A3-9474-1A3956D46DE8}") = "Ping", "Ping", "{C10E9AA9-CA0F-47A9-8BC3-37EBD24DFF6A}"
EndProject
Project("{2150E333-8FDC-42A3-9474-1A3956D46DE8}") = "PingI", "PingI", "{34DC035C-6C71-41E4-A29B-937976141DD2}"
EndProject
Project("{8BC9CEB8-8B4A-11D0-8D11-00A0C91BC942}") = "ping", "Ch05\Ping\Ping.vcxproj", "{37138949-6D7A-42C8-8D7C-0FA569FE0D60}"
EndProject
Project("{8BC9CEB8-8B4A-11D0-8D11-00A0C91BC942}") = "pingi", "Ch05\PingI\pingi.vcxproj", "{5FF9F176-D940-4F23-AB45-23DAB270EA1C}"
EndProject
Project("{2150E333-8FDC-42A3-9474-1A3956D46DE8}") = "Chap09", "Chap09", "{BC58447A-59CD-4CFA-85BE-F7293FCC8650}"
EndProject
Project("{2150E333-8FDC-42A3-9474-1A3956D46DE8}") = "GETHTTP2", "GETHTTP2", "{8E1AE169-5719-4E1E-9DEC-403364F840CF}"
EndProject
Project("{2150E333-8FDC-42A3-9474-1A3956D46DE8}") = "Gethttp3", "Gethttp3", "{0C0DB571-816E-4E2E-8439-81DF318340D1}"
EndProject
Project("{8BC9CEB8-8B4A-11D0-8D11-00A0C91BC942}") = "gethttp2", "Ch09\GETHTTP2\gethttp2.vcxproj", "{04C604B0-F6C6-46E9-B5F9-AC6B8241B12C}"
EndProject
Project("{8BC9CEB8-8B4A-11D0-8D11-00A0C91BC942}") = "gethttp3", "Ch09\Gethttp3\gethttp3.vcxproj", "{0C2E081A-1D92-4CEB-800F-F2BD4C878074}"
EndProject
Project("{2150E333-8FDC-42A3-9474-1A3956D46DE8}") = "Chap06", "Chap06", "{67E09EB6-0156-4F58-8F4A-FFA8E209093E}"
EndProject
Project("{8BC9CEB8-8B4A-11D0-8D11-00A0C91BC942}") = "SendMail", "Ch06\SendMail\SendMail.vcxproj", "{17ACC056-2A2B-47E0-83CB-E08A6F88C242}"
EndProject
Global
	GlobalSection(SolutionConfigurationPlatforms) = preSolution
		Debug|x64 = Debug|x64
		Debug|x86 = Debug|x86
		Release|x64 = Release|x64
		Release|x86 = Release|x86
	EndGlobalSection
	GlobalSection(ProjectConfigurationPlatforms) = postSolution
		{EF1DCE16-7EF8-4B2C-A724-FB2B1C4F404D}.Debug|x64.ActiveCfg = Debug|x64
		{EF1DCE16-7EF8-4B2C-A724-FB2B1C4F404D}.Debug|x64.Build.0 = Debug|x64
		{EF1DCE16-7EF8-4B2C-A724-FB2B1C4F404D}.Debug|x86.ActiveCfg = Debug|Win32
		{EF1DCE16-7EF8-4B2C-A724-FB2B1C4F404D}.Debug|x86.Build.0 = Debug|Win32
		{EF1DCE16-7EF8-4B2C-A724-FB2B1C4F404D}.Release|x64.ActiveCfg = Release|x64
		{EF1DCE16-7EF8-4B2C-A724-FB2B1C4F404D}.Release|x64.Build.0 = Release|x64
		{EF1DCE16-7EF8-4B2C-A724-FB2B1C4F404D}.Release|x86.ActiveCfg = Release|Win32
		{EF1DCE16-7EF8-4B2C-A724-FB2B1C4F404D}.Release|x86.Build.0 = Release|Win32
		{2C2B785D-8ED0-4C18-81FB-D159722ED5FB}.Debug|x64.ActiveCfg = Debug|x64
		{2C2B785D-8ED0-4C18-81FB-D159722ED5FB}.Debug|x64.Build.0 = Debug|x64
		{2C2B785D-8ED0-4C18-81FB-D159722ED5FB}.Debug|x86.ActiveCfg = Debug|Win32
		{2C2B785D-8ED0-4C18-81FB-D159722ED5FB}.Debug|x86.Build.0 = Debug|Win32
		{2C2B785D-8ED0-4C18-81FB-D159722ED5FB}.Release|x64.ActiveCfg = Release|x64
		{2C2B785D-8ED0-4C18-81FB-D159722ED5FB}.Release|x64.Build.0 = Release|x64
		{2C2B785D-8ED0-4C18-81FB-D159722ED5FB}.Release|x86.ActiveCfg = Release|Win32
		{2C2B785D-8ED0-4C18-81FB-D159722ED5FB}.Release|x86.Build.0 = Release|Win32
		{C8589661-E807-4D07-902D-A8F34B38DE48}.Debug|x64.ActiveCfg = Debug|x64
		{C8589661-E807-4D07-902D-A8F34B38DE48}.Debug|x64.Build.0 = Debug|x64
		{C8589661-E807-4D07-902D-A8F34B38DE48}.Debug|x86.ActiveCfg = Debug|Win32
		{C8589661-E807-4D07-902D-A8F34B38DE48}.Debug|x86.Build.0 = Debug|Win32
		{C8589661-E807-4D07-902D-A8F34B38DE48}.Release|x64.ActiveCfg = Release|x64
		{C8589661-E807-4D07-902D-A8F34B38DE48}.Release|x64.Build.0 = Release|x64
		{C8589661-E807-4D07-902D-A8F34B38DE48}.Release|x86.ActiveCfg = Release|Win32
		{C8589661-E807-4D07-902D-A8F34B38DE48}.Release|x86.Build.0 = Release|Win32
		{D675D30F-F3F7-4402-9305-9A3F6D14712F}.Debug|x64.ActiveCfg = Debug|Win32
		{D675D30F-F3F7-4402-9305-9A3F6D14712F}.Debug|x64.Build.0 = Debug|Win32
		{D675D30F-F3F7-4402-9305-9A3F6D14712F}.Debug|x86.ActiveCfg = Debug|Win32
		{D675D30F-F3F7-4402-9305-9A3F6D14712F}.Debug|x86.Build.0 = Debug|Win32
		{D675D30F-F3F7-4402-9305-9A3F6D14712F}.Release|x64.ActiveCfg = Release|Win32
		{D675D30F-F3F7-4402-9305-9A3F6D14712F}.Release|x86.ActiveCfg = Release|Win32
		{D675D30F-F3F7-4402-9305-9A3F6D14712F}.Release|x86.Build.0 = Release|Win32
		{A0915DA8-F679-4AA9-98A3-00D8BC36365E}.Debug|x64.ActiveCfg = Debug|x64
		{A0915DA8-F679-4AA9-98A3-00D8BC36365E}.Debug|x64.Build.0 = Debug|x64
		{A0915DA8-F679-4AA9-98A3-00D8BC36365E}.Debug|x86.ActiveCfg = Debug|Win32
		{A0915DA8-F679-4AA9-98A3-00D8BC36365E}.Debug|x86.Build.0 = Debug|Win32
		{A0915DA8-F679-4AA9-98A3-00D8BC36365E}.Release|x64.ActiveCfg = Release|x64
		{A0915DA8-F679-4AA9-98A3-00D8BC36365E}.Release|x64.Build.0 = Release|x64
		{A0915DA8-F679-4AA9-98A3-00D8BC36365E}.Release|x86.ActiveCfg = Release|Win32
		{A0915DA8-F679-4AA9-98A3-00D8BC36365E}.Release|x86.Build.0 = Release|Win32
		{2E2A8B30-FA0B-4DF5-B5B8-DDED9841DD47}.Debug|x64.ActiveCfg = Debug|x64
		{2E2A8B30-FA0B-4DF5-B5B8-DDED9841DD47}.Debug|x64.Build.0 = Debug|x64
		{2E2A8B30-FA0B-4DF5-B5B8-DDED9841DD47}.Debug|x86.ActiveCfg = Debug|Win32
		{2E2A8B30-FA0B-4DF5-B5B8-DDED9841DD47}.Debug|x86.Build.0 = Debug|Win32
		{2E2A8B30-FA0B-4DF5-B5B8-DDED9841DD47}.Release|x64.ActiveCfg = Release|x64
		{2E2A8B30-FA0B-4DF5-B5B8-DDED9841DD47}.Release|x64.Build.0 = Release|x64
		{2E2A8B30-FA0B-4DF5-B5B8-DDED9841DD47}.Release|x86.ActiveCfg = Release|Win32
		{2E2A8B30-FA0B-4DF5-B5B8-DDED9841DD47}.Release|x86.Build.0 = Release|Win32
		{D88EC05F-EC71-40ED-9CE2-EC668E17101D}.Debug|x64.ActiveCfg = Debug|x64
		{D88EC05F-EC71-40ED-9CE2-EC668E17101D}.Debug|x64.Build.0 = Debug|x64
		{D88EC05F-EC71-40ED-9CE2-EC668E17101D}.Debug|x86.ActiveCfg = Debug|Win32
		{D88EC05F-EC71-40ED-9CE2-EC668E17101D}.Debug|x86.Build.0 = Debug|Win32
		{D88EC05F-EC71-40ED-9CE2-EC668E17101D}.Release|x64.ActiveCfg = Release|x64
		{D88EC05F-EC71-40ED-9CE2-EC668E17101D}.Release|x64.Build.0 = Release|x64
		{D88EC05F-EC71-40ED-9CE2-EC668E17101D}.Release|x86.ActiveCfg = Release|Win32
		{D88EC05F-EC71-40ED-9CE2-EC668E17101D}.Release|x86.Build.0 = Release|Win32
		{567B1926-4AA7-4DAB-92A3-010976E408BE}.Debug|x64.ActiveCfg = Debug|x64
		{567B1926-4AA7-4DAB-92A3-010976E408BE}.Debug|x64.Build.0 = Debug|x64
		{567B1926-4AA7-4DAB-92A3-010976E408BE}.Debug|x86.ActiveCfg = Debug|Win32
		{567B1926-4AA7-4DAB-92A3-010976E408BE}.Debug|x86.Build.0 = Debug|Win32
		{567B1926-4AA7-4DAB-92A3-010976E408BE}.Release|x64.ActiveCfg = Release|x64
		{567B1926-4AA7-4DAB-92A3-010976E408BE}.Release|x64.Build.0 = Release|x64
		{567B1926-4AA7-4DAB-92A3-010976E408BE}.Release|x86.ActiveCfg = Release|Win32
		{567B1926-4AA7-4DAB-92A3-010976E408BE}.Release|x86.Build.0 = Release|Win32
		{37138949-6D7A-42C8-8D7C-0FA569FE0D60}.Debug|x64.ActiveCfg = Debug|x64
		{37138949-6D7A-42C8-8D7C-0FA569FE0D60}.Debug|x64.Build.0 = Debug|x64
		{37138949-6D7A-42C8-8D7C-0FA569FE0D60}.Debug|x86.ActiveCfg = Debug|Win32
		{37138949-6D7A-42C8-8D7C-0FA569FE0D60}.Debug|x86.Build.0 = Debug|Win32
		{37138949-6D7A-42C8-8D7C-0FA569FE0D60}.Release|x64.ActiveCfg = Release|x64
		{37138949-6D7A-42C8-8D7C-0FA569FE0D60}.Release|x64.Build.0 = Release|x64
		{37138949-6D7A-42C8-8D7C-0FA569FE0D60}.Release|x86.ActiveCfg = Release|Win32
		{37138949-6D7A-42C8-8D7C-0FA569FE0D60}.Release|x86.Build.0 = Release|Win32
		{5FF9F176-D940-4F23-AB45-23DAB270EA1C}.Debug|x64.ActiveCfg = Debug|x64
		{5FF9F176-D940-4F23-AB45-23DAB270EA1C}.Debug|x64.Build.0 = Debug|x64
		{5FF9F176-D940-4F23-AB45-23DAB270EA1C}.Debug|x86.ActiveCfg = Debug|Win32
		{5FF9F176-D940-4F23-AB45-23DAB270EA1C}.Debug|x86.Build.0 = Debug|Win32
		{5FF9F176-D940-4F23-AB45-23DAB270EA1C}.Release|x64.ActiveCfg = Release|x64
		{5FF9F176-D940-4F23-AB45-23DAB270EA1C}.Release|x64.Build.0 = Release|x64
		{5FF9F176-D940-4F23-AB45-23DAB270EA1C}.Release|x86.ActiveCfg = Release|Win32
		{5FF9F176-D940-4F23-AB45-23DAB270EA1C}.Release|x86.Build.0 = Release|Win32
		{04C604B0-F6C6-46E9-B5F9-AC6B8241B12C}.Debug|x64.ActiveCfg = Debug|x64
		{04C604B0-F6C6-46E9-B5F9-AC6B8241B12C}.Debug|x64.Build.0 = Debug|x64
		{04C604B0-F6C6-46E9-B5F9-AC6B8241B12C}.Debug|x86.ActiveCfg = Debug|Win32
		{04C604B0-F6C6-46E9-B5F9-AC6B8241B12C}.Debug|x86.Build.0 = Debug|Win32
		{04C604B0-F6C6-46E9-B5F9-AC6B8241B12C}.Release|x64.ActiveCfg = Release|x64
		{04C604B0-F6C6-46E9-B5F9-AC6B8241B12C}.Release|x64.Build.0 = Release|x64
		{04C604B0-F6C6-46E9-B5F9-AC6B8241B12C}.Release|x86.ActiveCfg = Release|Win32
		{04C604B0-F6C6-46E9-B5F9-AC6B8241B12C}.Release|x86.Build.0 = Release|Win32
		{0C2E081A-1D92-4CEB-800F-F2BD4C878074}.Debug|x64.ActiveCfg = Debug|x64
		{0C2E081A-1D92-4CEB-800F-F2BD4C878074}.Debug|x64.Build.0 = Debug|x64
		{0C2E081A-1D92-4CEB-800F-F2BD4C878074}.Debug|x86.ActiveCfg = Debug|Win32
		{0C2E081A-1D92-4CEB-800F-F2BD4C878074}.Debug|x86.Build.0 = Debug|Win32
		{0C2E081A-1D92-4CEB-800F-F2BD4C878074}.Release|x64.ActiveCfg = Release|x64
		{0C2E081A-1D92-4CEB-800F-F2BD4C878074}.Release|x64.Build.0 = Release|x64
		{0C2E081A-1D92-4CEB-800F-F2BD4C878074}.Release|x86.ActiveCfg = Release|Win32
		{0C2E081A-1D92-4CEB-800F-F2BD4C878074}.Release|x86.Build.0 = Release|Win32
		{17ACC056-2A2B-47E0-83CB-E08A6F88C242}.Debug|x64.ActiveCfg = Debug|Win32
		{17ACC056-2A2B-47E0-83CB-E08A6F88C242}.Debug|x64.Build.0 = Debug|Win32
		{17ACC056-2A2B-47E0-83CB-E08A6F88C242}.Debug|x86.ActiveCfg = Debug|Win32
		{17ACC056-2A2B-47E0-83CB-E08A6F88C242}.Debug|x86.Build.0 = Debug|Win32
		{17ACC056-2A2B-47E0-83CB-E08A6F88C242}.Release|x64.ActiveCfg = Release|Win32
		{17ACC056-2A2B-47E0-83CB-E08A6F88C242}.Release|x86.ActiveCfg = Release|Win32
		{17ACC056-2A2B-47E0-83CB-E08A6F88C242}.Release|x86.Build.0 = Release|Win32
	EndGlobalSection
	GlobalSection(SolutionProperties) = preSolution
		HideSolutionNode = FALSE
	EndGlobalSection
	GlobalSection(NestedProjects) = preSolution
		{EF1DCE16-7EF8-4B2C-A724-FB2B1C4F404D} = {E21C324D-3399-4434-AD91-8EF5C8311BE9}
		{E21C324D-3399-4434-AD91-8EF5C8311BE9} = {07AE651E-9AB7-4118-BB46-AE1D255D2995}
		{2C2B785D-8ED0-4C18-81FB-D159722ED5FB} = {E21C324D-3399-4434-AD91-8EF5C8311BE9}
		{2F10B6CC-2B3E-4394-9A7B-7779118395F4} = {07AE651E-9AB7-4118-BB46-AE1D255D2995}
		{C8589661-E807-4D07-902D-A8F34B38DE48} = {2F10B6CC-2B3E-4394-9A7B-7779118395F4}
		{D675D30F-F3F7-4402-9305-9A3F6D14712F} = {84D1C9BC-3917-454F-9AB8-0220032E11F8}
		{B221579D-4412-43CF-95CD-FC4FEE4C58F5} = {07AE651E-9AB7-4118-BB46-AE1D255D2995}
		{A0915DA8-F679-4AA9-98A3-00D8BC36365E} = {B221579D-4412-43CF-95CD-FC4FEE4C58F5}
		{03E1CDE0-40C8-4C59-9B4A-FDE7ED09A81B} = {07AE651E-9AB7-4118-BB46-AE1D255D2995}
		{2E2A8B30-FA0B-4DF5-B5B8-DDED9841DD47} = {03E1CDE0-40C8-4C59-9B4A-FDE7ED09A81B}
		{BAC8DA84-5055-4EF6-ABBF-1F957A3A8BD8} = {07AE651E-9AB7-4118-BB46-AE1D255D2995}
		{A6389FAF-7115-489F-B0EE-444093DBC286} = {BAC8DA84-5055-4EF6-ABBF-1F957A3A8BD8}
		{8DF9928E-B1FC-4A41-9243-BF65B8350F27} = {BAC8DA84-5055-4EF6-ABBF-1F957A3A8BD8}
		{D88EC05F-EC71-40ED-9CE2-EC668E17101D} = {A6389FAF-7115-489F-B0EE-444093DBC286}
		{567B1926-4AA7-4DAB-92A3-010976E408BE} = {8DF9928E-B1FC-4A41-9243-BF65B8350F27}
		{C10E9AA9-CA0F-47A9-8BC3-37EBD24DFF6A} = {3CA18AAD-CC9C-4865-B8D7-68925ADE9E14}
		{34DC035C-6C71-41E4-A29B-937976141DD2} = {3CA18AAD-CC9C-4865-B8D7-68925ADE9E14}
		{37138949-6D7A-42C8-8D7C-0FA569FE0D60} = {C10E9AA9-CA0F-47A9-8BC3-37EBD24DFF6A}
		{5FF9F176-D940-4F23-AB45-23DAB270EA1C} = {34DC035C-6C71-41E4-A29B-937976141DD2}
		{8E1AE169-5719-4E1E-9DEC-403364F840CF} = {BC58447A-59CD-4CFA-85BE-F7293FCC8650}
		{0C0DB571-816E-4E2E-8439-81DF318340D1} = {BC58447A-59CD-4CFA-85BE-F7293FCC8650}
		{04C604B0-F6C6-46E9-B5F9-AC6B8241B12C} = {8E1AE169-5719-4E1E-9DEC-403364F840CF}
		{0C2E081A-1D92-4CEB-800F-F2BD4C878074} = {0C0DB571-816E-4E2E-8439-81DF318340D1}
		{17ACC056-2A2B-47E0-83CB-E08A6F88C242} = {67E09EB6-0156-4F58-8F4A-FFA8E209093E}
	EndGlobalSection
	GlobalSection(ExtensibilityGlobals) = postSolution
		SolutionGuid = {3A9F14B7-A92B-4A20-B749-F906923BCEF0}
	EndGlobalSection
EndGlobal
